
Microsoft Visual Studio Solution File, Format Version 11.00
# Visual Studio 2010
Project("{FAE04EC0-301F-11D3-BF4B-00C04F79EFBC}") = "Communappy", "Communappy\Communappy.csproj", "{B580E805-2F00-4C99-AF69-AC757894E834}"
EndProject
Project("{FAE04EC0-301F-11D3-BF4B-00C04F79EFBC}") = "Communappy.Tests", "Communappy.Tests\Communappy.Tests.csproj", "{F5D51D7E-56B8-485E-99C4-5478C282ECF2}"
EndProject
Global
	GlobalSection(SolutionConfigurationPlatforms) = preSolution
		Debug|Any CPU = Debug|Any CPU
		Release|Any CPU = Release|Any CPU
	EndGlobalSection
	GlobalSection(ProjectConfigurationPlatforms) = postSolution
		{B580E805-2F00-4C99-AF69-AC757894E834}.Debug|Any CPU.ActiveCfg = Debug|Any CPU
		{B580E805-2F00-4C99-AF69-AC757894E834}.Debug|Any CPU.Build.0 = Debug|Any CPU
		{B580E805-2F00-4C99-AF69-AC757894E834}.Release|Any CPU.ActiveCfg = Release|Any CPU
		{B580E805-2F00-4C99-AF69-AC757894E834}.Release|Any CPU.Build.0 = Release|Any CPU
		{F5D51D7E-56B8-485E-99C4-5478C282ECF2}.Debug|Any CPU.ActiveCfg = Debug|Any CPU
		{F5D51D7E-56B8-485E-99C4-5478C282ECF2}.Debug|Any CPU.Build.0 = Debug|Any CPU
		{F5D51D7E-56B8-485E-99C4-5478C282ECF2}.Release|Any CPU.ActiveCfg = Release|Any CPU
		{F5D51D7E-56B8-485E-99C4-5478C282ECF2}.Release|Any CPU.Build.0 = Release|Any CPU
	EndGlobalSection
	GlobalSection(SolutionProperties) = preSolution
		HideSolutionNode = FALSE
	EndGlobalSection
EndGlobal
